
Microsoft Visual Studio Solution File, Format Version 12.00
# Visual Studio Version 17
VisualStudioVersion = 17.11.35222.181
MinimumVisualStudioVersion = 10.0.40219.1
Project("{FAE04EC0-301F-11D3-BF4B-00C04F79EFBC}") = "Coffee", "Coffee\Coffee.csproj", "{06F7A413-EB5E-4781-8629-E946B8AFF63D}"
EndProject
Global
	GlobalSection(SolutionConfigurationPlatforms) = preSolution
		Debug|Any CPU = Debug|Any CPU
		Release|Any CPU = Release|Any CPU
	EndGlobalSection
	GlobalSection(ProjectConfigurationPlatforms) = postSolution
		{06F7A413-EB5E-4781-8629-E946B8AFF63D}.Debug|Any CPU.ActiveCfg = Debug|Any CPU
		{06F7A413-EB5E-4781-8629-E946B8AFF63D}.Debug|Any CPU.Build.0 = Debug|Any CPU
		{06F7A413-EB5E-4781-8629-E946B8AFF63D}.Release|Any CPU.ActiveCfg = Release|Any CPU
		{06F7A413-EB5E-4781-8629-E946B8AFF63D}.Release|Any CPU.Build.0 = Release|Any CPU
	EndGlobalSection
	GlobalSection(SolutionProperties) = preSolution
		HideSolutionNode = FALSE
	EndGlobalSection
	GlobalSection(ExtensibilityGlobals) = postSolution
		SolutionGuid = {BAC205DB-9F8B-42B9-994A-5A1FCDDFB265}
	EndGlobalSection
EndGlobal
